
Microsoft Visual Studio Solution File, Format Version 12.00
# Visual Studio Version 17
VisualStudioVersion = 17.0.31903.59
MinimumVisualStudioVersion = 10.0.40219.1
Project("{FAE04EC0-301F-11D3-BF4B-00C04F79EFBC}") = "MinoBank.Infrastructure", "MinoBank.Infrastructure\MinoBank.Infrastructure.csproj", "{F2ABD52D-950B-4EB7-8767-919F9E080DCB}"
EndProject
Project("{FAE04EC0-301F-11D3-BF4B-00C04F79EFBC}") = "MinoBank.Core", "MinoBank.Core\MinoBank.Core.csproj", "{87B5BAF7-E71C-4ADC-ACB6-A03C2B608D78}"
EndProject
Global
	GlobalSection(SolutionConfigurationPlatforms) = preSolution
		Debug|Any CPU = Debug|Any CPU
		Release|Any CPU = Release|Any CPU
	EndGlobalSection
	GlobalSection(SolutionProperties) = preSolution
		HideSolutionNode = FALSE
	EndGlobalSection
	GlobalSection(ProjectConfigurationPlatforms) = postSolution
		{F2ABD52D-950B-4EB7-8767-919F9E080DCB}.Debug|Any CPU.ActiveCfg = Debug|Any CPU
		{F2ABD52D-950B-4EB7-8767-919F9E080DCB}.Debug|Any CPU.Build.0 = Debug|Any CPU
		{F2ABD52D-950B-4EB7-8767-919F9E080DCB}.Release|Any CPU.ActiveCfg = Release|Any CPU
		{F2ABD52D-950B-4EB7-8767-919F9E080DCB}.Release|Any CPU.Build.0 = Release|Any CPU
		{87B5BAF7-E71C-4ADC-ACB6-A03C2B608D78}.Debug|Any CPU.ActiveCfg = Debug|Any CPU
		{87B5BAF7-E71C-4ADC-ACB6-A03C2B608D78}.Debug|Any CPU.Build.0 = Debug|Any CPU
		{87B5BAF7-E71C-4ADC-ACB6-A03C2B608D78}.Release|Any CPU.ActiveCfg = Release|Any CPU
		{87B5BAF7-E71C-4ADC-ACB6-A03C2B608D78}.Release|Any CPU.Build.0 = Release|Any CPU
	EndGlobalSection
EndGlobal
